# Exact Linux Python3.13 runtime snapshot; regenerate intentionally and run release gate.
asammdf==8.8.11
canmatrix==1.2
chardet==7.6.0
deflate==0.9.0
dpkt==1.9.8
isal==1.8.0
lxml==6.1.3
lz4==4.4.5
numexpr==2.14.2
pandas==3.0.5
python-dateutil==2.9.0.post0
six==1.17.0
zstd==1.5.7.2
annotated-types==0.8.0
anyio==4.15.1
attrs==26.1.0
blinker==1.9.0
certifi==2026.7.22
cffi==2.1.1
click==8.5.0
cryptography==50.0.1
cuda-pathfinder==1.8.1
cuda-toolkit==13.4.1.0
cupy-cuda13x==14.2.0
Flask==3.1.3
h11==0.16.0
httpcore==1.0.9
httpcore2==2.12.0
httpx==0.28.1
httpx2==2.12.0
idna==3.19
itsdangerous==2.2.0
Jinja2==3.1.6
jiter==0.16.0
jsonschema==4.26.0
jsonschema-specifications==2025.9.1
MarkupSafe==3.0.3
mcp==2.2.0
mcp-types==2.2.0
numpy==2.4.6
nvidia-cublas==13.7.0.27
nvidia-cuda-nvrtc==13.4.59
nvidia-cuda-runtime==13.4.49
nvidia-cufft==12.4.0.34
nvidia-curand==10.4.4.49
nvidia-cusolver==12.3.2.15
nvidia-cusparse==12.8.6.49
nvidia-nvjitlink==13.4.52
openai==3.12.0
opentelemetry-api==1.44.0
packaging==26.3
psycopg==3.3.5
psycopg-binary==3.3.5
psycopg-pool==3.3.1
pycparser==3.0
pydantic==2.13.5
pydantic_core==2.46.5
PyJWT==2.13.0
pypdf==6.18.0
python-can==4.6.1
python-multipart==0.0.32
PyYAML==6.0.3
referencing==0.37.0
rpds-py==2026.6.3
sniffio==1.3.1
sse-starlette==3.4.11
starlette==1.6.0
truststore==0.10.4
typing-inspection==0.4.4
typing_extensions==4.16.0
uvicorn==0.52.4
waitress==3.0.2
Werkzeug==3.1.8
wrapt==1.17.3

ijson==3.4.0.post0
